
Microsoft Visual Studio Solution File, Format Version 12.00
# Visual Studio Version 17
VisualStudioVersion = 17.0.31903.59
MinimumVisualStudioVersion = 10.0.40219.1
Project("{2150E333-8FDC-42A3-9474-1A3956D46DE8}") = "src", "src", "{827E0CD3-B72D-47B6-A68D-7590B98EB39B}"
EndProject
Project("{FAE04EC0-301F-11D3-BF4B-00C04F79EFBC}") = "CodingAssistant.Api", "src\CodingAssistant.Api\CodingAssistant.Api.csproj", "{74A06B6A-6B21-49E8-A2BF-CF5793B6AD75}"
EndProject
Project("{FAE04EC0-301F-11D3-BF4B-00C04F79EFBC}") = "CodingAssistant.Domain", "src\CodingAssistant.Domain\CodingAssistant.Domain.csproj", "{CAC1361A-AD4B-490F-86E1-DB8B3B6FC4A2}"
EndProject
Project("{FAE04EC0-301F-11D3-BF4B-00C04F79EFBC}") = "CodingAssistant.Application", "src\CodingAssistant.Application\CodingAssistant.Application.csproj", "{AFEA19EB-DD05-44EE-ACA4-7AD06FC76902}"
EndProject
Project("{FAE04EC0-301F-11D3-BF4B-00C04F79EFBC}") = "CodingAssistant.Infrastructure", "src\CodingAssistant.Infrastructure\CodingAssistant.Infrastructure.csproj", "{65582855-1DD1-4640-8D61-8F8ADAD539FD}"
EndProject
Project("{FAE04EC0-301F-11D3-BF4B-00C04F79EFBC}") = "CodingAssistant.Contracts", "src\CodingAssistant.Contracts\CodingAssistant.Contracts.csproj", "{FA41C900-FEAF-4065-844C-D019609E04E4}"
EndProject
Project("{FAE04EC0-301F-11D3-BF4B-00C04F79EFBC}") = "CodingAssistant.Web", "src\CodingAssistant.Web\CodingAssistant.Web.csproj", "{8332D784-44CD-4A10-B660-674528A817FF}"
EndProject
Project("{2150E333-8FDC-42A3-9474-1A3956D46DE8}") = "tests", "tests", "{0AB3BF05-4346-4AA6-1389-037BE0695223}"
EndProject
Project("{FAE04EC0-301F-11D3-BF4B-00C04F79EFBC}") = "CodingAssistant.Tests", "tests\CodingAssistant.Tests\CodingAssistant.Tests.csproj", "{2FD2124E-53E6-4511-B3CE-F5D590ACAE2F}"
EndProject
Global
	GlobalSection(SolutionConfigurationPlatforms) = preSolution
		Debug|Any CPU = Debug|Any CPU
		Debug|x64 = Debug|x64
		Debug|x86 = Debug|x86
		Release|Any CPU = Release|Any CPU
		Release|x64 = Release|x64
		Release|x86 = Release|x86
	EndGlobalSection
	GlobalSection(ProjectConfigurationPlatforms) = postSolution
		{74A06B6A-6B21-49E8-A2BF-CF5793B6AD75}.Debug|Any CPU.ActiveCfg = Debug|Any CPU
		{74A06B6A-6B21-49E8-A2BF-CF5793B6AD75}.Debug|Any CPU.Build.0 = Debug|Any CPU
		{74A06B6A-6B21-49E8-A2BF-CF5793B6AD75}.Debug|x64.ActiveCfg = Debug|Any CPU
		{74A06B6A-6B21-49E8-A2BF-CF5793B6AD75}.Debug|x64.Build.0 = Debug|Any CPU
		{74A06B6A-6B21-49E8-A2BF-CF5793B6AD75}.Debug|x86.ActiveCfg = Debug|Any CPU
		{74A06B6A-6B21-49E8-A2BF-CF5793B6AD75}.Debug|x86.Build.0 = Debug|Any CPU
		{74A06B6A-6B21-49E8-A2BF-CF5793B6AD75}.Release|Any CPU.ActiveCfg = Release|Any CPU
		{74A06B6A-6B21-49E8-A2BF-CF5793B6AD75}.Release|Any CPU.Build.0 = Release|Any CPU
		{74A06B6A-6B21-49E8-A2BF-CF5793B6AD75}.Release|x64.ActiveCfg = Release|Any CPU
		{74A06B6A-6B21-49E8-A2BF-CF5793B6AD75}.Release|x64.Build.0 = Release|Any CPU
		{74A06B6A-6B21-49E8-A2BF-CF5793B6AD75}.Release|x86.ActiveCfg = Release|Any CPU
		{74A06B6A-6B21-49E8-A2BF-CF5793B6AD75}.Release|x86.Build.0 = Release|Any CPU
		{CAC1361A-AD4B-490F-86E1-DB8B3B6FC4A2}.Debug|Any CPU.ActiveCfg = Debug|Any CPU
		{CAC1361A-AD4B-490F-86E1-DB8B3B6FC4A2}.Debug|Any CPU.Build.0 = Debug|Any CPU
		{CAC1361A-AD4B-490F-86E1-DB8B3B6FC4A2}.Debug|x64.ActiveCfg = Debug|Any CPU
		{CAC1361A-AD4B-490F-86E1-DB8B3B6FC4A2}.Debug|x64.Build.0 = Debug|Any CPU
		{CAC1361A-AD4B-490F-86E1-DB8B3B6FC4A2}.Debug|x86.ActiveCfg = Debug|Any CPU
		{CAC1361A-AD4B-490F-86E1-DB8B3B6FC4A2}.Debug|x86.Build.0 = Debug|Any CPU
		{CAC1361A-AD4B-490F-86E1-DB8B3B6FC4A2}.Release|Any CPU.ActiveCfg = Release|Any CPU
		{CAC1361A-AD4B-490F-86E1-DB8B3B6FC4A2}.Release|Any CPU.Build.0 = Release|Any CPU
		{CAC1361A-AD4B-490F-86E1-DB8B3B6FC4A2}.Release|x64.ActiveCfg = Release|Any CPU
		{CAC1361A-AD4B-490F-86E1-DB8B3B6FC4A2}.Release|x64.Build.0 = Release|Any CPU
		{CAC1361A-AD4B-490F-86E1-DB8B3B6FC4A2}.Release|x86.ActiveCfg = Release|Any CPU
		{CAC1361A-AD4B-490F-86E1-DB8B3B6FC4A2}.Release|x86.Build.0 = Release|Any CPU
		{AFEA19EB-DD05-44EE-ACA4-7AD06FC76902}.Debug|Any CPU.ActiveCfg = Debug|Any CPU
		{AFEA19EB-DD05-44EE-ACA4-7AD06FC76902}.Debug|Any CPU.Build.0 = Debug|Any CPU
		{AFEA19EB-DD05-44EE-ACA4-7AD06FC76902}.Debug|x64.ActiveCfg = Debug|Any CPU
		{AFEA19EB-DD05-44EE-ACA4-7AD06FC76902}.Debug|x64.Build.0 = Debug|Any CPU
		{AFEA19EB-DD05-44EE-ACA4-7AD06FC76902}.Debug|x86.ActiveCfg = Debug|Any CPU
		{AFEA19EB-DD05-44EE-ACA4-7AD06FC76902}.Debug|x86.Build.0 = Debug|Any CPU
		{AFEA19EB-DD05-44EE-ACA4-7AD06FC76902}.Release|Any CPU.ActiveCfg = Release|Any CPU
		{AFEA19EB-DD05-44EE-ACA4-7AD06FC76902}.Release|Any CPU.Build.0 = Release|Any CPU
		{AFEA19EB-DD05-44EE-ACA4-7AD06FC76902}.Release|x64.ActiveCfg = Release|Any CPU
		{AFEA19EB-DD05-44EE-ACA4-7AD06FC76902}.Release|x64.Build.0 = Release|Any CPU
		{AFEA19EB-DD05-44EE-ACA4-7AD06FC76902}.Release|x86.ActiveCfg = Release|Any CPU
		{AFEA19EB-DD05-44EE-ACA4-7AD06FC76902}.Release|x86.Build.0 = Release|Any CPU
		{65582855-1DD1-4640-8D61-8F8ADAD539FD}.Debug|Any CPU.ActiveCfg = Debug|Any CPU
		{65582855-1DD1-4640-8D61-8F8ADAD539FD}.Debug|Any CPU.Build.0 = Debug|Any CPU
		{65582855-1DD1-4640-8D61-8F8ADAD539FD}.Debug|x64.ActiveCfg = Debug|Any CPU
		{65582855-1DD1-4640-8D61-8F8ADAD539FD}.Debug|x64.Build.0 = Debug|Any CPU
		{65582855-1DD1-4640-8D61-8F8ADAD539FD}.Debug|x86.ActiveCfg = Debug|Any CPU
		{65582855-1DD1-4640-8D61-8F8ADAD539FD}.Debug|x86.Build.0 = Debug|Any CPU
		{65582855-1DD1-4640-8D61-8F8ADAD539FD}.Release|Any CPU.ActiveCfg = Release|Any CPU
		{65582855-1DD1-4640-8D61-8F8ADAD539FD}.Release|Any CPU.Build.0 = Release|Any CPU
		{65582855-1DD1-4640-8D61-8F8ADAD539FD}.Release|x64.ActiveCfg = Release|Any CPU
		{65582855-1DD1-4640-8D61-8F8ADAD539FD}.Release|x64.Build.0 = Release|Any CPU
		{65582855-1DD1-4640-8D61-8F8ADAD539FD}.Release|x86.ActiveCfg = Release|Any CPU
		{65582855-1DD1-4640-8D61-8F8ADAD539FD}.Release|x86.Build.0 = Release|Any CPU
		{FA41C900-FEAF-4065-844C-D019609E04E4}.Debug|Any CPU.ActiveCfg = Debug|Any CPU
		{FA41C900-FEAF-4065-844C-D019609E04E4}.Debug|Any CPU.Build.0 = Debug|Any CPU
		{FA41C900-FEAF-4065-844C-D019609E04E4}.Debug|x64.ActiveCfg = Debug|Any CPU
		{FA41C900-FEAF-4065-844C-D019609E04E4}.Debug|x64.Build.0 = Debug|Any CPU
		{FA41C900-FEAF-4065-844C-D019609E04E4}.Debug|x86.ActiveCfg = Debug|Any CPU
		{FA41C900-FEAF-4065-844C-D019609E04E4}.Debug|x86.Build.0 = Debug|Any CPU
		{FA41C900-FEAF-4065-844C-D019609E04E4}.Release|Any CPU.ActiveCfg = Release|Any CPU
		{FA41C900-FEAF-4065-844C-D019609E04E4}.Release|Any CPU.Build.0 = Release|Any CPU
		{FA41C900-FEAF-4065-844C-D019609E04E4}.Release|x64.ActiveCfg = Release|Any CPU
		{FA41C900-FEAF-4065-844C-D019609E04E4}.Release|x64.Build.0 = Release|Any CPU
		{FA41C900-FEAF-4065-844C-D019609E04E4}.Release|x86.ActiveCfg = Release|Any CPU
		{FA41C900-FEAF-4065-844C-D019609E04E4}.Release|x86.Build.0 = Release|Any CPU
		{8332D784-44CD-4A10-B660-674528A817FF}.Debug|Any CPU.ActiveCfg = Debug|Any CPU
		{8332D784-44CD-4A10-B660-674528A817FF}.Debug|Any CPU.Build.0 = Debug|Any CPU
		{8332D784-44CD-4A10-B660-674528A817FF}.Debug|x64.ActiveCfg = Debug|Any CPU
		{8332D784-44CD-4A10-B660-674528A817FF}.Debug|x64.Build.0 = Debug|Any CPU
		{8332D784-44CD-4A10-B660-674528A817FF}.Debug|x86.ActiveCfg = Debug|Any CPU
		{8332D784-44CD-4A10-B660-674528A817FF}.Debug|x86.Build.0 = Debug|Any CPU
		{8332D784-44CD-4A10-B660-674528A817FF}.Release|Any CPU.ActiveCfg = Release|Any CPU
		{8332D784-44CD-4A10-B660-674528A817FF}.Release|Any CPU.Build.0 = Release|Any CPU
		{8332D784-44CD-4A10-B660-674528A817FF}.Release|x64.ActiveCfg = Release|Any CPU
		{8332D784-44CD-4A10-B660-674528A817FF}.Release|x64.Build.0 = Release|Any CPU
		{8332D784-44CD-4A10-B660-674528A817FF}.Release|x86.ActiveCfg = Release|Any CPU
		{8332D784-44CD-4A10-B660-674528A817FF}.Release|x86.Build.0 = Release|Any CPU
		{2FD2124E-53E6-4511-B3CE-F5D590ACAE2F}.Debug|Any CPU.ActiveCfg = Debug|Any CPU
		{2FD2124E-53E6-4511-B3CE-F5D590ACAE2F}.Debug|Any CPU.Build.0 = Debug|Any CPU
		{2FD2124E-53E6-4511-B3CE-F5D590ACAE2F}.Debug|x64.ActiveCfg = Debug|Any CPU
		{2FD2124E-53E6-4511-B3CE-F5D590ACAE2F}.Debug|x64.Build.0 = Debug|Any CPU
		{2FD2124E-53E6-4511-B3CE-F5D590ACAE2F}.Debug|x86.ActiveCfg = Debug|Any CPU
		{2FD2124E-53E6-4511-B3CE-F5D590ACAE2F}.Debug|x86.Build.0 = Debug|Any CPU
		{2FD2124E-53E6-4511-B3CE-F5D590ACAE2F}.Release|Any CPU.ActiveCfg = Release|Any CPU
		{2FD2124E-53E6-4511-B3CE-F5D590ACAE2F}.Release|Any CPU.Build.0 = Release|Any CPU
		{2FD2124E-53E6-4511-B3CE-F5D590ACAE2F}.Release|x64.ActiveCfg = Release|Any CPU
		{2FD2124E-53E6-4511-B3CE-F5D590ACAE2F}.Release|x64.Build.0 = Release|Any CPU
		{2FD2124E-53E6-4511-B3CE-F5D590ACAE2F}.Release|x86.ActiveCfg = Release|Any CPU
		{2FD2124E-53E6-4511-B3CE-F5D590ACAE2F}.Release|x86.Build.0 = Release|Any CPU
	EndGlobalSection
	GlobalSection(SolutionProperties) = preSolution
		HideSolutionNode = FALSE
	EndGlobalSection
	GlobalSection(NestedProjects) = preSolution
		{74A06B6A-6B21-49E8-A2BF-CF5793B6AD75} = {827E0CD3-B72D-47B6-A68D-7590B98EB39B}
		{CAC1361A-AD4B-490F-86E1-DB8B3B6FC4A2} = {827E0CD3-B72D-47B6-A68D-7590B98EB39B}
		{AFEA19EB-DD05-44EE-ACA4-7AD06FC76902} = {827E0CD3-B72D-47B6-A68D-7590B98EB39B}
		{65582855-1DD1-4640-8D61-8F8ADAD539FD} = {827E0CD3-B72D-47B6-A68D-7590B98EB39B}
		{FA41C900-FEAF-4065-844C-D019609E04E4} = {827E0CD3-B72D-47B6-A68D-7590B98EB39B}
		{8332D784-44CD-4A10-B660-674528A817FF} = {827E0CD3-B72D-47B6-A68D-7590B98EB39B}
		{2FD2124E-53E6-4511-B3CE-F5D590ACAE2F} = {0AB3BF05-4346-4AA6-1389-037BE0695223}
	EndGlobalSection
EndGlobal
